# THIS IS AN AUTOGENERATED FILE. DO NOT EDIT THIS FILE DIRECTLY.
# yarn lockfile v1


material-dashboard-dark-edition@^2.1.0:
  version "2.1.0"
  resolved "https://registry.yarnpkg.com/material-dashboard-dark-edition/-/material-dashboard-dark-edition-2.1.0.tgz#c459bd2489c2b0965da02e18f96faa9762ba8227"
  integrity sha512-nK7X8sDReKEEF/3FNQbqOGr5Fjn3JiOvio/eeXdOqnL2z4mgRZaOlrRZSTN3izEOzF6M85OE/sCGbw48qh7YKQ==
